
Microsoft Visual Studio Solution File, Format Version 12.00
# Visual Studio Version 17
VisualStudioVersion = 17.12.35506.116 d17.12
MinimumVisualStudioVersion = 10.0.40219.1
Project("{8BC9CEB8-8B4A-11D0-8D11-00A0C91BC942}") = "CGTemplate", "CGTemplate.vcxproj", "{3E3A0AFA-E56D-3693-BF80-70882A83FB98}"
EndProject
Global
	GlobalSection(SolutionConfigurationPlatforms) = preSolution
		Debug|x64 = Debug|x64
		Release|x64 = Release|x64
	EndGlobalSection
	GlobalSection(ProjectConfigurationPlatforms) = postSolution
		{3E3A0AFA-E56D-3693-BF80-70882A83FB98}.Debug|x64.ActiveCfg = Debug|x64
		{3E3A0AFA-E56D-3693-BF80-70882A83FB98}.Debug|x64.Build.0 = Debug|x64
		{3E3A0AFA-E56D-3693-BF80-70882A83FB98}.Release|x64.ActiveCfg = Release|x64
		{3E3A0AFA-E56D-3693-BF80-70882A83FB98}.Release|x64.Build.0 = Release|x64
	EndGlobalSection
	GlobalSection(SolutionProperties) = preSolution
		HideSolutionNode = FALSE
	EndGlobalSection
EndGlobal
